
Microsoft Visual Studio Solution File, Format Version 12.00
# Visual Studio 14
VisualStudioVersion = 14.0.23107.0
MinimumVisualStudioVersion = 10.0.40219.1
Project("{FAE04EC0-301F-11D3-BF4B-00C04F79EFBC}") = "Wufio.Api", "Wufio.Api\Wufio.Api.csproj", "{7F3A66CE-CD07-4903-A8F3-396A3D010E6B}"
EndProject
Project("{FAE04EC0-301F-11D3-BF4B-00C04F79EFBC}") = "Wufio.Core", "Wufio.Core\Wufio.Core.csproj", "{0F04CB42-5748-4AD1-9758-12CBC6BCF71C}"
EndProject
Project("{E24C65DC-7377-472B-9ABA-BC803B73C61A}") = "Wufio.Client", "Wufio.Client\", "{28B1CA29-9C94-4B44-90D4-A40B69E9E7CE}"
	ProjectSection(WebsiteProperties) = preProject
		TargetFrameworkMoniker = ".NETFramework,Version%3Dv4.5.2"
		Debug.AspNetCompiler.VirtualPath = "/localhost_52987"
		Debug.AspNetCompiler.PhysicalPath = "Wufio.Client\"
		Debug.AspNetCompiler.TargetPath = "PrecompiledWeb\localhost_52987\"
		Debug.AspNetCompiler.Updateable = "true"
		Debug.AspNetCompiler.ForceOverwrite = "true"
		Debug.AspNetCompiler.FixedNames = "false"
		Debug.AspNetCompiler.Debug = "True"
		Release.AspNetCompiler.VirtualPath = "/localhost_52987"
		Release.AspNetCompiler.PhysicalPath = "Wufio.Client\"
		Release.AspNetCompiler.TargetPath = "PrecompiledWeb\localhost_52987\"
		Release.AspNetCompiler.Updateable = "true"
		Release.AspNetCompiler.ForceOverwrite = "true"
		Release.AspNetCompiler.FixedNames = "false"
		Release.AspNetCompiler.Debug = "False"
		VWDPort = "52987"
		SlnRelativePath = "Wufio.Client\"
	EndProjectSection
EndProject
Project("{E24C65DC-7377-472B-9ABA-BC803B73C61A}") = "Wufio.Marketing", "..\Wufio.Marketing\", "{A5ADD324-EA59-4AF2-8A3B-5FDADD12F5CE}"
	ProjectSection(WebsiteProperties) = preProject
		TargetFrameworkMoniker = ".NETFramework,Version%3Dv4.5.2"
		Debug.AspNetCompiler.VirtualPath = "/localhost_50672"
		Debug.AspNetCompiler.PhysicalPath = "..\Wufio.Marketing\"
		Debug.AspNetCompiler.TargetPath = "PrecompiledWeb\localhost_50672\"
		Debug.AspNetCompiler.Updateable = "true"
		Debug.AspNetCompiler.ForceOverwrite = "true"
		Debug.AspNetCompiler.FixedNames = "false"
		Debug.AspNetCompiler.Debug = "True"
		Release.AspNetCompiler.VirtualPath = "/localhost_50672"
		Release.AspNetCompiler.PhysicalPath = "..\Wufio.Marketing\"
		Release.AspNetCompiler.TargetPath = "PrecompiledWeb\localhost_50672\"
		Release.AspNetCompiler.Updateable = "true"
		Release.AspNetCompiler.ForceOverwrite = "true"
		Release.AspNetCompiler.FixedNames = "false"
		Release.AspNetCompiler.Debug = "False"
		VWDPort = "50672"
		DefaultWebSiteLanguage = "Visual C#"
	EndProjectSection
	ProjectSection(WebsiteProperties) = preProject
		TargetFrameworkMoniker = ".NETFramework,Version%3Dv4.5.2"
		Debug.AspNetCompiler.VirtualPath = "/localhost_50672"
		Debug.AspNetCompiler.PhysicalPath = "..\Wufio.Marketing\"
		Debug.AspNetCompiler.TargetPath = "PrecompiledWeb\localhost_50672\"
		Debug.AspNetCompiler.Updateable = "true"
		Debug.AspNetCompiler.ForceOverwrite = "true"
		Debug.AspNetCompiler.FixedNames = "false"
		Debug.AspNetCompiler.Debug = "True"
		Release.AspNetCompiler.VirtualPath = "/localhost_50672"
		Release.AspNetCompiler.PhysicalPath = "..\Wufio.Marketing\"
		Release.AspNetCompiler.TargetPath = "PrecompiledWeb\localhost_50672\"
		Release.AspNetCompiler.Updateable = "true"
		Release.AspNetCompiler.ForceOverwrite = "true"
		Release.AspNetCompiler.FixedNames = "false"
		Release.AspNetCompiler.Debug = "False"
		VWDPort = "50672"
		DefaultWebSiteLanguage = "Visual C#"
	EndProjectSection
EndProject
Global
	GlobalSection(SolutionConfigurationPlatforms) = preSolution
		Debug|Any CPU = Debug|Any CPU
		Release|Any CPU = Release|Any CPU
	EndGlobalSection
	GlobalSection(ProjectConfigurationPlatforms) = postSolution
		{7F3A66CE-CD07-4903-A8F3-396A3D010E6B}.Debug|Any CPU.ActiveCfg = Debug|Any CPU
		{7F3A66CE-CD07-4903-A8F3-396A3D010E6B}.Debug|Any CPU.Build.0 = Debug|Any CPU
		{7F3A66CE-CD07-4903-A8F3-396A3D010E6B}.Release|Any CPU.ActiveCfg = Release|Any CPU
		{7F3A66CE-CD07-4903-A8F3-396A3D010E6B}.Release|Any CPU.Build.0 = Release|Any CPU
		{0F04CB42-5748-4AD1-9758-12CBC6BCF71C}.Debug|Any CPU.ActiveCfg = Debug|Any CPU
		{0F04CB42-5748-4AD1-9758-12CBC6BCF71C}.Debug|Any CPU.Build.0 = Debug|Any CPU
		{0F04CB42-5748-4AD1-9758-12CBC6BCF71C}.Release|Any CPU.ActiveCfg = Release|Any CPU
		{0F04CB42-5748-4AD1-9758-12CBC6BCF71C}.Release|Any CPU.Build.0 = Release|Any CPU
		{28B1CA29-9C94-4B44-90D4-A40B69E9E7CE}.Debug|Any CPU.ActiveCfg = Debug|Any CPU
		{28B1CA29-9C94-4B44-90D4-A40B69E9E7CE}.Debug|Any CPU.Build.0 = Debug|Any CPU
		{28B1CA29-9C94-4B44-90D4-A40B69E9E7CE}.Release|Any CPU.ActiveCfg = Debug|Any CPU
		{28B1CA29-9C94-4B44-90D4-A40B69E9E7CE}.Release|Any CPU.Build.0 = Debug|Any CPU
		{A5ADD324-EA59-4AF2-8A3B-5FDADD12F5CE}.Debug|Any CPU.ActiveCfg = Debug|Any CPU
		{A5ADD324-EA59-4AF2-8A3B-5FDADD12F5CE}.Debug|Any CPU.Build.0 = Debug|Any CPU
		{A5ADD324-EA59-4AF2-8A3B-5FDADD12F5CE}.Release|Any CPU.ActiveCfg = Debug|Any CPU
		{A5ADD324-EA59-4AF2-8A3B-5FDADD12F5CE}.Release|Any CPU.Build.0 = Debug|Any CPU
	EndGlobalSection
	GlobalSection(SolutionProperties) = preSolution
		HideSolutionNode = FALSE
	EndGlobalSection
EndGlobal
